// !$*UTF8*$!
{
	archiveVersion = 1;
	classes = {
	};
	objectVersion = 50;
	objects = {

/* Begin PBXBuildFile section */
		4BBB444126A774790091E2A9 /* AppDelegate.swift in Sources */ = {isa = PBXBuildFile; fileRef = 4BBB444026A774790091E2A9 /* AppDelegate.swift */; };
		4BBB444326A774790091E2A9 /* SceneDelegate.swift in Sources */ = {isa = PBXBuildFile; fileRef = 4BBB444226A774790091E2A9 /* SceneDelegate.swift */; };
		4BBB444526A774790091E2A9 /* ViewController.swift in Sources */ = {isa = PBXBuildFile; fileRef = 4BBB444426A774790091E2A9 /* ViewController.swift */; };
		4BBB444826A774790091E2A9 /* Main.storyboard in Resources */ = {isa = PBXBuildFile; fileRef = 4BBB444626A774790091E2A9 /* Main.storyboard */; };
		4BBB444B26A774790091E2A9 /* PokemonAPITest01.xcdatamodeld in Sources */ = {isa = PBXBuildFile; fileRef = 4BBB444926A774790091E2A9 /* PokemonAPITest01.xcdatamodeld */; };
		4BBB444D26A7747C0091E2A9 /* Assets.xcassets in Resources */ = {isa = PBXBuildFile; fileRef = 4BBB444C26A7747C0091E2A9 /* Assets.xcassets */; };
		4BBB445026A7747C0091E2A9 /* LaunchScreen.storyboard in Resources */ = {isa = PBXBuildFile; fileRef = 4BBB444E26A7747C0091E2A9 /* LaunchScreen.storyboard */; };
		4BBB445B26A7747C0091E2A9 /* PokemonAPITest01Tests.swift in Sources */ = {isa = PBXBuildFile; fileRef = 4BBB445A26A7747C0091E2A9 /* PokemonAPITest01Tests.swift */; };
		4BBB446626A7747D0091E2A9 /* PokemonAPITest01UITests.swift in Sources */ = {isa = PBXBuildFile; fileRef = 4BBB446526A7747D0091E2A9 /* PokemonAPITest01UITests.swift */; };
/* End PBXBuildFile section */

/* Begin PBXContainerItemProxy section */
		4BBB445726A7747C0091E2A9 /* PBXContainerItemProxy */ = {
			isa = PBXContainerItemProxy;
			containerPortal = 4BBB443526A774790091E2A9 /* Project object */;
			proxyType = 1;
			remoteGlobalIDString = 4BBB443C26A774790091E2A9;
			remoteInfo = PokemonAPITest01;
		};
		4BBB446226A7747D0091E2A9 /* PBXContainerItemProxy */ = {
			isa = PBXContainerItemProxy;
			containerPortal = 4BBB443526A774790091E2A9 /* Project object */;
			proxyType = 1;
			remoteGlobalIDString = 4BBB443C26A774790091E2A9;
			remoteInfo = PokemonAPITest01;
		};
/* End PBXContainerItemProxy section */

/* Begin PBXFileReference section */
		4BBB443D26A774790091E2A9 /* PokemonAPITest01.app */ = {isa = PBXFileReference; explicitFileType = wrapper.application; includeInIndex = 0; path = PokemonAPITest01.app; sourceTree = BUILT_PRODUCTS_DIR; };
		4BBB444026A774790091E2A9 /* AppDelegate.swift */ = {isa = PBXFileReference; lastKnownFileType = sourcecode.swift; path = AppDelegate.swift; sourceTree = "<group>"; };
		4BBB444226A774790091E2A9 /* SceneDelegate.swift */ = {isa = PBXFileReference; lastKnownFileType = sourcecode.swift; path = SceneDelegate.swift; sourceTree = "<group>"; };
		4BBB444426A774790091E2A9 /* ViewController.swift */ = {isa = PBXFileReference; lastKnownFileType = sourcecode.swift; path = ViewController.swift; sourceTree = "<group>"; };
		4BBB444726A774790091E2A9 /* Base */ = {isa = PBXFileReference; lastKnownFileType = file.storyboard; name = Base; path = Base.lproj/Main.storyboard; sourceTree = "<group>"; };
		4BBB444A26A774790091E2A9 /* PokemonAPITest01.xcdatamodel */ = {isa = PBXFileReference; lastKnownFileType = wrapper.xcdatamodel; path = PokemonAPITest01.xcdatamodel; sourceTree = "<group>"; };
		4BBB444C26A7747C0091E2A9 /* Assets.xcassets */ = {isa = PBXFileReference; lastKnownFileType = folder.assetcatalog; path = Assets.xcassets; sourceTree = "<group>"; };
		4BBB444F26A7747C0091E2A9 /* Base */ = {isa = PBXFileReference; lastKnownFileType = file.storyboard; name = Base; path = Base.lproj/LaunchScreen.storyboard; sourceTree = "<group>"; };
		4BBB445126A7747C0091E2A9 /* Info.plist */ = {isa = PBXFileReference; lastKnownFileType = text.plist.xml; path = Info.plist; sourceTree = "<group>"; };
		4BBB445626A7747C0091E2A9 /* PokemonAPITest01Tests.xctest */ = {isa = PBXFileReference; explicitFileType = wrapper.cfbundle; includeInIndex = 0; path = PokemonAPITest01Tests.xctest; sourceTree = BUILT_PRODUCTS_DIR; };
		4BBB445A26A7747C0091E2A9 /* PokemonAPITest01Tests.swift */ = {isa = PBXFileReference; lastKnownFileType = sourcecode.swift; path = PokemonAPITest01Tests.swift; sourceTree = "<group>"; };
		4BBB445C26A7747C0091E2A9 /* Info.plist */ = {isa = PBXFileReference; lastKnownFileType = text.plist.xml; path = Info.plist; sourceTree = "<group>"; };
		4BBB446126A7747C0091E2A9 /* PokemonAPITest01UITests.xctest */ = {isa = PBXFileReference; explicitFileType = wrapper.cfbundle; includeInIndex = 0; path = PokemonAPITest01UITests.xctest; sourceTree = BUILT_PRODUCTS_DIR; };
		4BBB446526A7747D0091E2A9 /* PokemonAPITest01UITests.swift */ = {isa = PBXFileReference; lastKnownFileType = sourcecode.swift; path = PokemonAPITest01UITests.swift; sourceTree = "<group>"; };
		4BBB446726A7747D0091E2A9 /* Info.plist */ = {isa = PBXFileReference; lastKnownFileType = text.plist.xml; path = Info.plist; sourceTree = "<group>"; };
/* End PBXFileReference section */

/* Begin PBXFrameworksBuildPhase section */
		4BBB443A26A774790091E2A9 /* Frameworks */ = {
			isa = PBXFrameworksBuildPhase;
			buildActionMask = 2147483647;
			files = (
			);
			runOnlyForDeploymentPostprocessing = 0;
		};
		4BBB445326A7747C0091E2A9 /* Frameworks */ = {
			isa = PBXFrameworksBuildPhase;
			buildActionMask = 2147483647;
			files = (
			);
			runOnlyForDeploymentPostprocessing = 0;
		};
		4BBB445E26A7747C0091E2A9 /* Frameworks */ = {
			isa = PBXFrameworksBuildPhase;
			buildActionMask = 2147483647;
			files = (
			);
			runOnlyForDeploymentPostprocessing = 0;
		};
/* End PBXFrameworksBuildPhase section */

/* Begin PBXGroup section */
		4BBB443426A774790091E2A9 = {
			isa = PBXGroup;
			children = (
				4BBB443F26A774790091E2A9 /* PokemonAPITest01 */,
				4BBB445926A7747C0091E2A9 /* PokemonAPITest01Tests */,
				4BBB446426A7747D0091E2A9 /* PokemonAPITest01UITests */,
				4BBB443E26A774790091E2A9 /* Products */,
			);
			sourceTree = "<group>";
		};
		4BBB443E26A774790091E2A9 /* Products */ = {
			isa = PBXGroup;
			children = (
				4BBB443D26A774790091E2A9 /* PokemonAPITest01.app */,
				4BBB445626A7747C0091E2A9 /* PokemonAPITest01Tests.xctest */,
				4BBB446126A7747C0091E2A9 /* PokemonAPITest01UITests.xctest */,
			);
			name = Products;
			sourceTree = "<group>";
		};
		4BBB443F26A774790091E2A9 /* PokemonAPITest01 */ = {
			isa = PBXGroup;
			children = (
				4BBB444026A774790091E2A9 /* AppDelegate.swift */,
				4BBB444226A774790091E2A9 /* SceneDelegate.swift */,
				4BBB444426A774790091E2A9 /* ViewController.swift */,
				4BBB444626A774790091E2A9 /* Main.storyboard */,
				4BBB444C26A7747C0091E2A9 /* Assets.xcassets */,
				4BBB444E26A7747C0091E2A9 /* LaunchScreen.storyboard */,
				4BBB445126A7747C0091E2A9 /* Info.plist */,
				4BBB444926A774790091E2A9 /* PokemonAPITest01.xcdatamodeld */,
			);
			path = PokemonAPITest01;
			sourceTree = "<group>";
		};
		4BBB445926A7747C0091E2A9 /* PokemonAPITest01Tests */ = {
			isa = PBXGroup;
			children = (
				4BBB445A26A7747C0091E2A9 /* PokemonAPITest01Tests.swift */,
				4BBB445C26A7747C0091E2A9 /* Info.plist */,
			);
			path = PokemonAPITest01Tests;
			sourceTree = "<group>";
		};
		4BBB446426A7747D0091E2A9 /* PokemonAPITest01UITests */ = {
			isa = PBXGroup;
			children = (
				4BBB446526A7747D0091E2A9 /* PokemonAPITest01UITests.swift */,
				4BBB446726A7747D0091E2A9 /* Info.plist */,
			);
			path = PokemonAPITest01UITests;
			sourceTree = "<group>";
		};
/* End PBXGroup section */

/* Begin PBXNativeTarget section */
		4BBB443C26A774790091E2A9 /* PokemonAPITest01 */ = {
			isa = PBXNativeTarget;
			buildConfigurationList = 4BBB446A26A7747D0091E2A9 /* Build configuration list for PBXNativeTarget "PokemonAPITest01" */;
			buildPhases = (
				4BBB443926A774790091E2A9 /* Sources */,
				4BBB443A26A774790091E2A9 /* Frameworks */,
				4BBB443B26A774790091E2A9 /* Resources */,
			);
			buildRules = (
			);
			dependencies = (
			);
			name = PokemonAPITest01;
			productName = PokemonAPITest01;
			productReference = 4BBB443D26A774790091E2A9 /* PokemonAPITest01.app */;
			productType = "com.apple.product-type.application";
		};
		4BBB445526A7747C0091E2A9 /* PokemonAPITest01Tests */ = {
			isa = PBXNativeTarget;
			buildConfigurationList = 4BBB446D26A7747D0091E2A9 /* Build configuration list for PBXNativeTarget "PokemonAPITest01Tests" */;
			buildPhases = (
				4BBB445226A7747C0091E2A9 /* Sources */,
				4BBB445326A7747C0091E2A9 /* Frameworks */,
				4BBB445426A7747C0091E2A9 /* Resources */,
			);
			buildRules = (
			);
			dependencies = (
				4BBB445826A7747C0091E2A9 /* PBXTargetDependency */,
			);
			name = PokemonAPITest01Tests;
			productName = PokemonAPITest01Tests;
			productReference = 4BBB445626A7747C0091E2A9 /* PokemonAPITest01Tests.xctest */;
			productType = "com.apple.product-type.bundle.unit-test";
		};
		4BBB446026A7747C0091E2A9 /* PokemonAPITest01UITests */ = {
			isa = PBXNativeTarget;
			buildConfigurationList = 4BBB447026A7747D0091E2A9 /* Build configuration list for PBXNativeTarget "PokemonAPITest01UITests" */;
			buildPhases = (
				4BBB445D26A7747C0091E2A9 /* Sources */,
				4BBB445E26A7747C0091E2A9 /* Frameworks */,
				4BBB445F26A7747C0091E2A9 /* Resources */,
			);
			buildRules = (
			);
			dependencies = (
				4BBB446326A7747D0091E2A9 /* PBXTargetDependency */,
			);
			name = PokemonAPITest01UITests;
			productName = PokemonAPITest01UITests;
			productReference = 4BBB446126A7747C0091E2A9 /* PokemonAPITest01UITests.xctest */;
			productType = "com.apple.product-type.bundle.ui-testing";
		};
/* End PBXNativeTarget section */

/* Begin PBXProject section */
		4BBB443526A774790091E2A9 /* Project object */ = {
			isa = PBXProject;
			attributes = {
				LastSwiftUpdateCheck = 1250;
				LastUpgradeCheck = 1250;
				TargetAttributes = {
					4BBB443C26A774790091E2A9 = {
						CreatedOnToolsVersion = 12.5.1;
					};
					4BBB445526A7747C0091E2A9 = {
						CreatedOnToolsVersion = 12.5.1;
						TestTargetID = 4BBB443C26A774790091E2A9;
					};
					4BBB446026A7747C0091E2A9 = {
						CreatedOnToolsVersion = 12.5.1;
						TestTargetID = 4BBB443C26A774790091E2A9;
					};
				};
			};
			buildConfigurationList = 4BBB443826A774790091E2A9 /* Build configuration list for PBXProject "PokemonAPITest01" */;
			compatibilityVersion = "Xcode 9.3";
			developmentRegion = en;
			hasScannedForEncodings = 0;
			knownRegions = (
				en,
				Base,
			);
			mainGroup = 4BBB443426A774790091E2A9;
			productRefGroup = 4BBB443E26A774790091E2A9 /* Products */;
			projectDirPath = "";
			projectRoot = "";
			targets = (
				4BBB443C26A774790091E2A9 /* PokemonAPITest01 */,
				4BBB445526A7747C0091E2A9 /* PokemonAPITest01Tests */,
				4BBB446026A7747C0091E2A9 /* PokemonAPITest01UITests */,
			);
		};
/* End PBXProject section */

/* Begin PBXResourcesBuildPhase section */
		4BBB443B26A774790091E2A9 /* Resources */ = {
			isa = PBXResourcesBuildPhase;
			buildActionMask = 2147483647;
			files = (
				4BBB445026A7747C0091E2A9 /* LaunchScreen.storyboard in Resources */,
				4BBB444D26A7747C0091E2A9 /* Assets.xcassets in Resources */,
				4BBB444826A774790091E2A9 /* Main.storyboard in Resources */,
			);
			runOnlyForDeploymentPostprocessing = 0;
		};
		4BBB445426A7747C0091E2A9 /* Resources */ = {
			isa = PBXResourcesBuildPhase;
			buildActionMask = 2147483647;
			files = (
			);
			runOnlyForDeploymentPostprocessing = 0;
		};
		4BBB445F26A7747C0091E2A9 /* Resources */ = {
			isa = PBXResourcesBuildPhase;
			buildActionMask = 2147483647;
			files = (
			);
			runOnlyForDeploymentPostprocessing = 0;
		};
/* End PBXResourcesBuildPhase section */

/* Begin PBXSourcesBuildPhase section */
		4BBB443926A774790091E2A9 /* Sources */ = {
			isa = PBXSourcesBuildPhase;
			buildActionMask = 2147483647;
			files = (
				4BBB444526A774790091E2A9 /* ViewController.swift in Sources */,
				4BBB444B26A774790091E2A9 /* PokemonAPITest01.xcdatamodeld in Sources */,
				4BBB444126A774790091E2A9 /* AppDelegate.swift in Sources */,
				4BBB444326A774790091E2A9 /* SceneDelegate.swift in Sources */,
			);
			runOnlyForDeploymentPostprocessing = 0;
		};
		4BBB445226A7747C0091E2A9 /* Sources */ = {
			isa = PBXSourcesBuildPhase;
			buildActionMask = 2147483647;
			files = (
				4BBB445B26A7747C0091E2A9 /* PokemonAPITest01Tests.swift in Sources */,
			);
			runOnlyForDeploymentPostprocessing = 0;
		};
		4BBB445D26A7747C0091E2A9 /* Sources */ = {
			isa = PBXSourcesBuildPhase;
			buildActionMask = 2147483647;
			files = (
				4BBB446626A7747D0091E2A9 /* PokemonAPITest01UITests.swift in Sources */,
			);
			runOnlyForDeploymentPostprocessing = 0;
		};
/* End PBXSourcesBuildPhase section */

/* Begin PBXTargetDependency section */
		4BBB445826A7747C0091E2A9 /* PBXTargetDependency */ = {
			isa = PBXTargetDependency;
			target = 4BBB443C26A774790091E2A9 /* PokemonAPITest01 */;
			targetProxy = 4BBB445726A7747C0091E2A9 /* PBXContainerItemProxy */;
		};
		4BBB446326A7747D0091E2A9 /* PBXTargetDependency */ = {
			isa = PBXTargetDependency;
			target = 4BBB443C26A774790091E2A9 /* PokemonAPITest01 */;
			targetProxy = 4BBB446226A7747D0091E2A9 /* PBXContainerItemProxy */;
		};
/* End PBXTargetDependency section */

/* Begin PBXVariantGroup section */
		4BBB444626A774790091E2A9 /* Main.storyboard */ = {
			isa = PBXVariantGroup;
			children = (
				4BBB444726A774790091E2A9 /* Base */,
			);
			name = Main.storyboard;
			sourceTree = "<group>";
		};
		4BBB444E26A7747C0091E2A9 /* LaunchScreen.storyboard */ = {
			isa = PBXVariantGroup;
			children = (
				4BBB444F26A7747C0091E2A9 /* Base */,
			);
			name = LaunchScreen.storyboard;
			sourceTree = "<group>";
		};
/* End PBXVariantGroup section */

/* Begin XCBuildConfiguration section */
		4BBB446826A7747D0091E2A9 /* Debug */ = {
			isa = XCBuildConfiguration;
			buildSettings = {
				ALWAYS_SEARCH_USER_PATHS = NO;
				CLANG_ANALYZER_NONNULL = YES;
				CLANG_ANALYZER_NUMBER_OBJECT_CONVERSION = YES_AGGRESSIVE;
				CLANG_CXX_LANGUAGE_STANDARD = "gnu++14";
				CLANG_CXX_LIBRARY = "libc++";
				CLANG_ENABLE_MODULES = YES;
				CLANG_ENABLE_OBJC_ARC = YES;
				CLANG_ENABLE_OBJC_WEAK = YES;
				CLANG_WARN_BLOCK_CAPTURE_AUTORELEASING = YES;
				CLANG_WARN_BOOL_CONVERSION = YES;
				CLANG_WARN_COMMA = YES;
				CLANG_WARN_CONSTANT_CONVERSION = YES;
				CLANG_WARN_DEPRECATED_OBJC_IMPLEMENTATIONS = YES;
				CLANG_WARN_DIRECT_OBJC_ISA_USAGE = YES_ERROR;
				CLANG_WARN_DOCUMENTATION_COMMENTS = YES;
				CLANG_WARN_EMPTY_BODY = YES;
				CLANG_WARN_ENUM_CONVERSION = YES;
				CLANG_WARN_INFINITE_RECURSION = YES;
				CLANG_WARN_INT_CONVERSION = YES;
				CLANG_WARN_NON_LITERAL_NULL_CONVERSION = YES;
				CLANG_WARN_OBJC_IMPLICIT_RETAIN_SELF = YES;
				CLANG_WARN_OBJC_LITERAL_CONVERSION = YES;
				CLANG_WARN_OBJC_ROOT_CLASS = YES_ERROR;
				CLANG_WARN_QUOTED_INCLUDE_IN_FRAMEWORK_HEADER = YES;
				CLANG_WARN_RANGE_LOOP_ANALYSIS = YES;
				CLANG_WARN_STRICT_PROTOTYPES = YES;
				CLANG_WARN_SUSPICIOUS_MOVE = YES;
				CLANG_WARN_UNGUARDED_AVAILABILITY = YES_AGGRESSIVE;
				CLANG_WARN_UNREACHABLE_CODE = YES;
				CLANG_WARN__DUPLICATE_METHOD_MATCH = YES;
				COPY_PHASE_STRIP = NO;
				DEBUG_INFORMATION_FORMAT = dwarf;
				ENABLE_STRICT_OBJC_MSGSEND = YES;
				ENABLE_TESTABILITY = YES;
				GCC_C_LANGUAGE_STANDARD = gnu11;
				GCC_DYNAMIC_NO_PIC = NO;
				GCC_NO_COMMON_BLOCKS = YES;
				GCC_OPTIMIZATION_LEVEL = 0;
				GCC_PREPROCESSOR_DEFINITIONS = (
					"DEBUG=1",
					"$(inherited)",
				);
				GCC_WARN_64_TO_32_BIT_CONVERSION = YES;
				GCC_WARN_ABOUT_RETURN_TYPE = YES_ERROR;
				GCC_WARN_UNDECLARED_SELECTOR = YES;
				GCC_WARN_UNINITIALIZED_AUTOS = YES_AGGRESSIVE;
				GCC_WARN_UNUSED_FUNCTION = YES;
				GCC_WARN_UNUSED_VARIABLE = YES;
				IPHONEOS_DEPLOYMENT_TARGET = 14.5;
				MTL_ENABLE_DEBUG_INFO = INCLUDE_SOURCE;
				MTL_FAST_MATH = YES;
				ONLY_ACTIVE_ARCH = YES;
				SDKROOT = iphoneos;
				SWIFT_ACTIVE_COMPILATION_CONDITIONS = DEBUG;
				SWIFT_OPTIMIZATION_LEVEL = "-Onone";
			};
			name = Debug;
		};
		4BBB446926A7747D0091E2A9 /* Release */ = {
			isa = XCBuildConfiguration;
			buildSettings = {
				ALWAYS_SEARCH_USER_PATHS = NO;
				CLANG_ANALYZER_NONNULL = YES;
				CLANG_ANALYZER_NUMBER_OBJECT_CONVERSION = YES_AGGRESSIVE;
				CLANG_CXX_LANGUAGE_STANDARD = "gnu++14";
				CLANG_CXX_LIBRARY = "libc++";
				CLANG_ENABLE_MODULES = YES;
				CLANG_ENABLE_OBJC_ARC = YES;
				CLANG_ENABLE_OBJC_WEAK = YES;
				CLANG_WARN_BLOCK_CAPTURE_AUTORELEASING = YES;
				CLANG_WARN_BOOL_CONVERSION = YES;
				CLANG_WARN_COMMA = YES;
				CLANG_WARN_CONSTANT_CONVERSION = YES;
				CLANG_WARN_DEPRECATED_OBJC_IMPLEMENTATIONS = YES;
				CLANG_WARN_DIRECT_OBJC_ISA_USAGE = YES_ERROR;
				CLANG_WARN_DOCUMENTATION_COMMENTS = YES;
				CLANG_WARN_EMPTY_BODY = YES;
				CLANG_WARN_ENUM_CONVERSION = YES;
				CLANG_WARN_INFINITE_RECURSION = YES;
				CLANG_WARN_INT_CONVERSION = YES;
				CLANG_WARN_NON_LITERAL_NULL_CONVERSION = YES;
				CLANG_WARN_OBJC_IMPLICIT_RETAIN_SELF = YES;
				CLANG_WARN_OBJC_LITERAL_CONVERSION = YES;
				CLANG_WARN_OBJC_ROOT_CLASS = YES_ERROR;
				CLANG_WARN_QUOTED_INCLUDE_IN_FRAMEWORK_HEADER = YES;
				CLANG_WARN_RANGE_LOOP_ANALYSIS = YES;
				CLANG_WARN_STRICT_PROTOTYPES = YES;
				CLANG_WARN_SUSPICIOUS_MOVE = YES;
				CLANG_WARN_UNGUARDED_AVAILABILITY = YES_AGGRESSIVE;
				CLANG_WARN_UNREACHABLE_CODE = YES;
				CLANG_WARN__DUPLICATE_METHOD_MATCH = YES;
				COPY_PHASE_STRIP = NO;
				DEBUG_INFORMATION_FORMAT = "dwarf-with-dsym";
				ENABLE_NS_ASSERTIONS = NO;
				ENABLE_STRICT_OBJC_MSGSEND = YES;
				GCC_C_LANGUAGE_STANDARD = gnu11;
				GCC_NO_COMMON_BLOCKS = YES;
				GCC_WARN_64_TO_32_BIT_CONVERSION = YES;
				GCC_WARN_ABOUT_RETURN_TYPE = YES_ERROR;
				GCC_WARN_UNDECLARED_SELECTOR = YES;
				GCC_WARN_UNINITIALIZED_AUTOS = YES_AGGRESSIVE;
				GCC_WARN_UNUSED_FUNCTION = YES;
				GCC_WARN_UNUSED_VARIABLE = YES;
				IPHONEOS_DEPLOYMENT_TARGET = 14.5;
				MTL_ENABLE_DEBUG_INFO = NO;
				MTL_FAST_MATH = YES;
				SDKROOT = iphoneos;
				SWIFT_COMPILATION_MODE = wholemodule;
				SWIFT_OPTIMIZATION_LEVEL = "-O";
				VALIDATE_PRODUCT = YES;
			};
			name = Release;
		};
		4BBB446B26A7747D0091E2A9 /* Debug */ = {
			isa = XCBuildConfiguration;
			buildSettings = {
				ASSETCATALOG_COMPILER_APPICON_NAME = AppIcon;
				ASSETCATALOG_COMPILER_GLOBAL_ACCENT_COLOR_NAME = AccentColor;
				CODE_SIGN_STYLE = Automatic;
				DEVELOPMENT_TEAM = ZAY3HZ6DTU;
				INFOPLIST_FILE = PokemonAPITest01/Info.plist;
				LD_RUNPATH_SEARCH_PATHS = (
					"$(inherited)",
					"@executable_path/Frameworks",
				);
				PRODUCT_BUNDLE_IDENTIFIER = co.Imantium.PokemonAPITest01;
				PRODUCT_NAME = "$(TARGET_NAME)";
				SWIFT_VERSION = 5.0;
				TARGETED_DEVICE_FAMILY = "1,2";
			};
			name = Debug;
		};
		4BBB446C26A7747D0091E2A9 /* Release */ = {
			isa = XCBuildConfiguration;
			buildSettings = {
				ASSETCATALOG_COMPILER_APPICON_NAME = AppIcon;
				ASSETCATALOG_COMPILER_GLOBAL_ACCENT_COLOR_NAME = AccentColor;
				CODE_SIGN_STYLE = Automatic;
				DEVELOPMENT_TEAM = ZAY3HZ6DTU;
				INFOPLIST_FILE = PokemonAPITest01/Info.plist;
				LD_RUNPATH_SEARCH_PATHS = (
					"$(inherited)",
					"@executable_path/Frameworks",
				);
				PRODUCT_BUNDLE_IDENTIFIER = co.Imantium.PokemonAPITest01;
				PRODUCT_NAME = "$(TARGET_NAME)";
				SWIFT_VERSION = 5.0;
				TARGETED_DEVICE_FAMILY = "1,2";
			};
			name = Release;
		};
		4BBB446E26A7747D0091E2A9 /* Debug */ = {
			isa = XCBuildConfiguration;
			buildSettings = {
				ALWAYS_EMBED_SWIFT_STANDARD_LIBRARIES = YES;
				BUNDLE_LOADER = "$(TEST_HOST)";
				CODE_SIGN_STYLE = Automatic;
				DEVELOPMENT_TEAM = ZAY3HZ6DTU;
				INFOPLIST_FILE = PokemonAPITest01Tests/Info.plist;
				IPHONEOS_DEPLOYMENT_TARGET = 14.5;
				LD_RUNPATH_SEARCH_PATHS = (
					"$(inherited)",
					"@executable_path/Frameworks",
					"@loader_path/Frameworks",
				);
				PRODUCT_BUNDLE_IDENTIFIER = co.Imantium.PokemonAPITest01Tests;
				PRODUCT_NAME = "$(TARGET_NAME)";
				SWIFT_VERSION = 5.0;
				TARGETED_DEVICE_FAMILY = "1,2";
				TEST_HOST = "$(BUILT_PRODUCTS_DIR)/PokemonAPITest01.app/PokemonAPITest01";
			};
			name = Debug;
		};
		4BBB446F26A7747D0091E2A9 /* Release */ = {
			isa = XCBuildConfiguration;
			buildSettings = {
				ALWAYS_EMBED_SWIFT_STANDARD_LIBRARIES = YES;
				BUNDLE_LOADER = "$(TEST_HOST)";
				CODE_SIGN_STYLE = Automatic;
				DEVELOPMENT_TEAM = ZAY3HZ6DTU;
				INFOPLIST_FILE = PokemonAPITest01Tests/Info.plist;
				IPHONEOS_DEPLOYMENT_TARGET = 14.5;
				LD_RUNPATH_SEARCH_PATHS = (
					"$(inherited)",
					"@executable_path/Frameworks",
					"@loader_path/Frameworks",
				);
				PRODUCT_BUNDLE_IDENTIFIER = co.Imantium.PokemonAPITest01Tests;
				PRODUCT_NAME = "$(TARGET_NAME)";
				SWIFT_VERSION = 5.0;
				TARGETED_DEVICE_FAMILY = "1,2";
				TEST_HOST = "$(BUILT_PRODUCTS_DIR)/PokemonAPITest01.app/PokemonAPITest01";
			};
			name = Release;
		};
		4BBB447126A7747D0091E2A9 /* Debug */ = {
			isa = XCBuildConfiguration;
			buildSettings = {
				ALWAYS_EMBED_SWIFT_STANDARD_LIBRARIES = YES;
				CODE_SIGN_STYLE = Automatic;
				DEVELOPMENT_TEAM = ZAY3HZ6DTU;
				INFOPLIST_FILE = PokemonAPITest01UITests/Info.plist;
				LD_RUNPATH_SEARCH_PATHS = (
					"$(inherited)",
					"@executable_path/Frameworks",
					"@loader_path/Frameworks",
				);
				PRODUCT_BUNDLE_IDENTIFIER = co.Imantium.PokemonAPITest01UITests;
				PRODUCT_NAME = "$(TARGET_NAME)";
				SWIFT_VERSION = 5.0;
				TARGETED_DEVICE_FAMILY = "1,2";
				TEST_TARGET_NAME = PokemonAPITest01;
			};
			name = Debug;
		};
		4BBB447226A7747D0091E2A9 /* Release */ = {
			isa = XCBuildConfiguration;
			buildSettings = {
				ALWAYS_EMBED_SWIFT_STANDARD_LIBRARIES = YES;
				CODE_SIGN_STYLE = Automatic;
				DEVELOPMENT_TEAM = ZAY3HZ6DTU;
				INFOPLIST_FILE = PokemonAPITest01UITests/Info.plist;
				LD_RUNPATH_SEARCH_PATHS = (
					"$(inherited)",
					"@executable_path/Frameworks",
					"@loader_path/Frameworks",
				);
				PRODUCT_BUNDLE_IDENTIFIER = co.Imantium.PokemonAPITest01UITests;
				PRODUCT_NAME = "$(TARGET_NAME)";
				SWIFT_VERSION = 5.0;
				TARGETED_DEVICE_FAMILY = "1,2";
				TEST_TARGET_NAME = PokemonAPITest01;
			};
			name = Release;
		};
/* End XCBuildConfiguration section */

/* Begin XCConfigurationList section */
		4BBB443826A774790091E2A9 /* Build configuration list for PBXProject "PokemonAPITest01" */ = {
			isa = XCConfigurationList;
			buildConfigurations = (
				4BBB446826A7747D0091E2A9 /* Debug */,
				4BBB446926A7747D0091E2A9 /* Release */,
			);
			defaultConfigurationIsVisible = 0;
			defaultConfigurationName = Release;
		};
		4BBB446A26A7747D0091E2A9 /* Build configuration list for PBXNativeTarget "PokemonAPITest01" */ = {
			isa = XCConfigurationList;
			buildConfigurations = (
				4BBB446B26A7747D0091E2A9 /* Debug */,
				4BBB446C26A7747D0091E2A9 /* Release */,
			);
			defaultConfigurationIsVisible = 0;
			defaultConfigurationName = Release;
		};
		4BBB446D26A7747D0091E2A9 /* Build configuration list for PBXNativeTarget "PokemonAPITest01Tests" */ = {
			isa = XCConfigurationList;
			buildConfigurations = (
				4BBB446E26A7747D0091E2A9 /* Debug */,
				4BBB446F26A7747D0091E2A9 /* Release */,
			);
			defaultConfigurationIsVisible = 0;
			defaultConfigurationName = Release;
		};
		4BBB447026A7747D0091E2A9 /* Build configuration list for PBXNativeTarget "PokemonAPITest01UITests" */ = {
			isa = XCConfigurationList;
			buildConfigurations = (
				4BBB447126A7747D0091E2A9 /* Debug */,
				4BBB447226A7747D0091E2A9 /* Release */,
			);
			defaultConfigurationIsVisible = 0;
			defaultConfigurationName = Release;
		};
/* End XCConfigurationList section */

/* Begin XCVersionGroup section */
		4BBB444926A774790091E2A9 /* PokemonAPITest01.xcdatamodeld */ = {
			isa = XCVersionGroup;
			children = (
				4BBB444A26A774790091E2A9 /* PokemonAPITest01.xcdatamodel */,
			);
			currentVersion = 4BBB444A26A774790091E2A9 /* PokemonAPITest01.xcdatamodel */;
			path = PokemonAPITest01.xcdatamodeld;
			sourceTree = "<group>";
			versionGroupType = wrapper.xcdatamodel;
		};
/* End XCVersionGroup section */
	};
	rootObject = 4BBB443526A774790091E2A9 /* Project object */;
}
